
Microsoft Visual Studio Solution File, Format Version 12.00
# Visual Studio Version 17
VisualStudioVersion = 17.9.34622.214
MinimumVisualStudioVersion = 10.0.40219.1
Project("{FAE04EC0-301F-11D3-BF4B-00C04F79EFBC}") = "WebApplication1", "WebApplication1.csproj", "{AACAD24E-E03F-46DB-A0B1-BD1C2F445279}"
EndProject
Global
	GlobalSection(SolutionConfigurationPlatforms) = preSolution
		Debug|Any CPU = Debug|Any CPU
		Release|Any CPU = Release|Any CPU
	EndGlobalSection
	GlobalSection(ProjectConfigurationPlatforms) = postSolution
		{AACAD24E-E03F-46DB-A0B1-BD1C2F445279}.Debug|Any CPU.ActiveCfg = Debug|Any CPU
		{AACAD24E-E03F-46DB-A0B1-BD1C2F445279}.Debug|Any CPU.Build.0 = Debug|Any CPU
		{AACAD24E-E03F-46DB-A0B1-BD1C2F445279}.Release|Any CPU.ActiveCfg = Release|Any CPU
		{AACAD24E-E03F-46DB-A0B1-BD1C2F445279}.Release|Any CPU.Build.0 = Release|Any CPU
	EndGlobalSection
	GlobalSection(SolutionProperties) = preSolution
		HideSolutionNode = FALSE
	EndGlobalSection
	GlobalSection(ExtensibilityGlobals) = postSolution
		SolutionGuid = {31571605-8FD6-4DAB-9339-6BB31E76D2CA}
	EndGlobalSection
EndGlobal
